{
  "nodes": {
    "nixpkgs": {
      "locked": {
        "lastModified": 1666828010,
        "narHash": "sha256-f2g8RhiwmxsTPvOp79oblEN71vqsP8JVA/iLDfDKSRo=",
        "owner": "NixOS",
        "repo": "nixpkgs",
        "rev": "25e653e3e708fb56543ae055fd5d7c3977101b53",
        "type": "github"
      },
      "original": {
        "owner": "NixOS",
        "ref": "release-22.05",
        "repo": "nixpkgs",
        "type": "github"
      }
    },
    "root": {
      "inputs": {
        "nixpkgs": "nixpkgs",
        "utils": "utils"
      }
    },
    "utils": {
      "locked": {
        "lastModified": 1659877975,
        "narHash": "sha256-zllb8aq3YO3h8B/U0/J1WBgAL8EX5yWf5pMj3G0NAmc=",
        "owner": "numtide",
        "repo": "flake-utils",
        "rev": "c0e246b9b83f637f4681389ecabcb2681b4f3af0",
        "type": "github"
      },
      "original": {
        "owner": "numtide",
        "repo": "flake-utils",
        "type": "github"
      }
    }
  },
  "root": "root",
  "version": 7
}
